
Microsoft Visual Studio Solution File, Format Version 12.00
# Visual Studio Version 16
VisualStudioVersion = 16.0.29324.140
MinimumVisualStudioVersion = 10.0.40219.1
Project("{9A19103F-16F7-4668-BE54-9A1E7A4F7556}") = "SudokuWPF", "SudokuWPF\SudokuWPF.csproj", "{3915F3D9-2B9C-4051-80C5-A19B8D3EA3BF}"
EndProject
Project("{FAE04EC0-301F-11D3-BF4B-00C04F79EFBC}") = "SudokuWPF.UnitTests", "SudokuWPF.UnitTests\SudokuWPF.UnitTests.csproj", "{8DE38B7D-F297-4F88-A697-F6280E0428EA}"
EndProject
Global
	GlobalSection(SolutionConfigurationPlatforms) = preSolution
		Debug|Any CPU = Debug|Any CPU
		Release|Any CPU = Release|Any CPU
	EndGlobalSection
	GlobalSection(ProjectConfigurationPlatforms) = postSolution
		{3915F3D9-2B9C-4051-80C5-A19B8D3EA3BF}.Debug|Any CPU.ActiveCfg = Debug|Any CPU
		{3915F3D9-2B9C-4051-80C5-A19B8D3EA3BF}.Debug|Any CPU.Build.0 = Debug|Any CPU
		{3915F3D9-2B9C-4051-80C5-A19B8D3EA3BF}.Release|Any CPU.ActiveCfg = Release|Any CPU
		{3915F3D9-2B9C-4051-80C5-A19B8D3EA3BF}.Release|Any CPU.Build.0 = Release|Any CPU
		{8DE38B7D-F297-4F88-A697-F6280E0428EA}.Debug|Any CPU.ActiveCfg = Debug|Any CPU
		{8DE38B7D-F297-4F88-A697-F6280E0428EA}.Debug|Any CPU.Build.0 = Debug|Any CPU
		{8DE38B7D-F297-4F88-A697-F6280E0428EA}.Release|Any CPU.ActiveCfg = Release|Any CPU
		{8DE38B7D-F297-4F88-A697-F6280E0428EA}.Release|Any CPU.Build.0 = Release|Any CPU
	EndGlobalSection
	GlobalSection(SolutionProperties) = preSolution
		HideSolutionNode = FALSE
	EndGlobalSection
	GlobalSection(ExtensibilityGlobals) = postSolution
		SolutionGuid = {68503FCC-66BB-4E08-A038-0951233B73F6}
	EndGlobalSection
EndGlobal
